Microsoft Visual Studio Solution File, Format Version 11.00
# Visual Studio 2008

Project("{40E7902A-D0E8-E286-1CA1-52337D88E533}") = "PooMonkeysUnity", "Assembly-CSharp-firstpass.csproj", "{2CD6AA60-A2E0-B5E6-6C6B-9A87975F999A}"
EndProject
Project("{40E7902A-D0E8-E286-1CA1-52337D88E533}") = "PooMonkeysUnity", "Assembly-CSharp.csproj", "{E190EDED-1230-541B-147E-875453727F17}"
EndProject
Project("{40E7902A-D0E8-E286-1CA1-52337D88E533}") = "PooMonkeysUnity", "Assembly-CSharp-Editor.csproj", "{575D3E10-0E25-C6DF-4FD3-0402C7D73CE1}"
EndProject
Project("{40E7902A-D0E8-E286-1CA1-52337D88E533}") = "PooMonkeysUnity", "Assembly-UnityScript-firstpass.unityproj", "{DF1EA4E3-6561-3D69-D2B9-3BB8431A7166}"
EndProject
Project("{40E7902A-D0E8-E286-1CA1-52337D88E533}") = "PooMonkeysUnity", "Assembly-UnityScript.unityproj", "{EAC85359-A073-893B-09B6-4363B169B82F}"
EndProject
Project("{40E7902A-D0E8-E286-1CA1-52337D88E533}") = "PooMonkeysUnity", "Assembly-UnityScript-Editor.unityproj", "{4BCF94A2-0600-D600-248F-C338EFC7901E}"
EndProject
Global
	GlobalSection(SolutionConfigurationPlatforms) = preSolution
		Debug|Any CPU = Debug|Any CPU
		Release|Any CPU = Release|Any CPU
	EndGlobalSection
	GlobalSection(ProjectConfigurationPlatforms) = postSolution
		{2CD6AA60-A2E0-B5E6-6C6B-9A87975F999A}.Debug|Any CPU.ActiveCfg = Debug|Any CPU
		{2CD6AA60-A2E0-B5E6-6C6B-9A87975F999A}.Debug|Any CPU.Build.0 = Debug|Any CPU
		{2CD6AA60-A2E0-B5E6-6C6B-9A87975F999A}.Release|Any CPU.ActiveCfg = Release|Any CPU
		{2CD6AA60-A2E0-B5E6-6C6B-9A87975F999A}.Release|Any CPU.Build.0 = Release|Any CPU
		{E190EDED-1230-541B-147E-875453727F17}.Debug|Any CPU.ActiveCfg = Debug|Any CPU
		{E190EDED-1230-541B-147E-875453727F17}.Debug|Any CPU.Build.0 = Debug|Any CPU
		{E190EDED-1230-541B-147E-875453727F17}.Release|Any CPU.ActiveCfg = Release|Any CPU
		{E190EDED-1230-541B-147E-875453727F17}.Release|Any CPU.Build.0 = Release|Any CPU
		{575D3E10-0E25-C6DF-4FD3-0402C7D73CE1}.Debug|Any CPU.ActiveCfg = Debug|Any CPU
		{575D3E10-0E25-C6DF-4FD3-0402C7D73CE1}.Debug|Any CPU.Build.0 = Debug|Any CPU
		{575D3E10-0E25-C6DF-4FD3-0402C7D73CE1}.Release|Any CPU.ActiveCfg = Release|Any CPU
		{575D3E10-0E25-C6DF-4FD3-0402C7D73CE1}.Release|Any CPU.Build.0 = Release|Any CPU
		{DF1EA4E3-6561-3D69-D2B9-3BB8431A7166}.Debug|Any CPU.ActiveCfg = Debug|Any CPU
		{DF1EA4E3-6561-3D69-D2B9-3BB8431A7166}.Debug|Any CPU.Build.0 = Debug|Any CPU
		{DF1EA4E3-6561-3D69-D2B9-3BB8431A7166}.Release|Any CPU.ActiveCfg = Release|Any CPU
		{DF1EA4E3-6561-3D69-D2B9-3BB8431A7166}.Release|Any CPU.Build.0 = Release|Any CPU
		{EAC85359-A073-893B-09B6-4363B169B82F}.Debug|Any CPU.ActiveCfg = Debug|Any CPU
		{EAC85359-A073-893B-09B6-4363B169B82F}.Debug|Any CPU.Build.0 = Debug|Any CPU
		{EAC85359-A073-893B-09B6-4363B169B82F}.Release|Any CPU.ActiveCfg = Release|Any CPU
		{EAC85359-A073-893B-09B6-4363B169B82F}.Release|Any CPU.Build.0 = Release|Any CPU
		{4BCF94A2-0600-D600-248F-C338EFC7901E}.Debug|Any CPU.ActiveCfg = Debug|Any CPU
		{4BCF94A2-0600-D600-248F-C338EFC7901E}.Debug|Any CPU.Build.0 = Debug|Any CPU
		{4BCF94A2-0600-D600-248F-C338EFC7901E}.Release|Any CPU.ActiveCfg = Release|Any CPU
		{4BCF94A2-0600-D600-248F-C338EFC7901E}.Release|Any CPU.Build.0 = Release|Any CPU
	EndGlobalSection
	GlobalSection(SolutionProperties) = preSolution
		HideSolutionNode = FALSE
	EndGlobalSection
																																																																																																																																	GlobalSection(MonoDevelopProperties) = preSolution
=======
																																																																																																																																	GlobalSection(MonoDevelopProperties) = preSolution
>>>>>>> 56f1c4111364142fc38e316cb9bf065a18d70828
		StartupItem = Assembly-CSharp.csproj
		Policies = $0
		$0.TextStylePolicy = $1
		$1.inheritsSet = null
		$1.scope = text/x-csharp
		$0.CSharpFormattingPolicy = $2
		$2.inheritsSet = Mono
		$2.inheritsScope = text/x-csharp
		$2.scope = text/x-csharp
		$0.TextStylePolicy = $3
		$3.FileWidth = 120
		$3.TabWidth = 4
		$3.EolMarker = Unix
		$3.inheritsSet = Mono
		$3.inheritsScope = text/plain
		$3.scope = text/plain
	EndGlobalSection

EndGlobal
